
Microsoft Visual Studio Solution File, Format Version 12.00
# Visual Studio Version 16
VisualStudioVersion = 16.0.30711.63
MinimumVisualStudioVersion = 10.0.40219.1
Project("{FAE04EC0-301F-11D3-BF4B-00C04F79EFBC}") = "MarketAPI", "MarketAPI.csproj", "{EEC74866-B874-4BCF-9C4D-EF356359BF19}"
EndProject
Global
	GlobalSection(SolutionConfigurationPlatforms) = preSolution
		Debug|Any CPU = Debug|Any CPU
		Release|Any CPU = Release|Any CPU
	EndGlobalSection
	GlobalSection(ProjectConfigurationPlatforms) = postSolution
		{EEC74866-B874-4BCF-9C4D-EF356359BF19}.Debug|Any CPU.ActiveCfg = Debug|Any CPU
		{EEC74866-B874-4BCF-9C4D-EF356359BF19}.Debug|Any CPU.Build.0 = Debug|Any CPU
		{EEC74866-B874-4BCF-9C4D-EF356359BF19}.Release|Any CPU.ActiveCfg = Release|Any CPU
		{EEC74866-B874-4BCF-9C4D-EF356359BF19}.Release|Any CPU.Build.0 = Release|Any CPU
	EndGlobalSection
	GlobalSection(SolutionProperties) = preSolution
		HideSolutionNode = FALSE
	EndGlobalSection
	GlobalSection(ExtensibilityGlobals) = postSolution
		SolutionGuid = {4AB6E569-BFA0-4BA1-8F7A-66DBF0723004}
	EndGlobalSection
EndGlobal
